
Microsoft Visual Studio Solution File, Format Version 12.00
# Visual Studio Version 17
VisualStudioVersion = 17.14.36908.2
MinimumVisualStudioVersion = 10.0.40219.1
Project("{8BC9CEB8-8B4A-11D0-8D11-00A0C91BC942}") = "Test1", "Test1\Test1.vcxproj", "{3BC5084D-97A6-4D3A-A285-A7D4C1632017}"
EndProject
Project("{8BC9CEB8-8B4A-11D0-8D11-00A0C91BC942}") = "Operator", "Operator\Operator.vcxproj", "{8D5C48AB-815D-4309-B132-675EE8DC1157}"
EndProject
Project("{8BC9CEB8-8B4A-11D0-8D11-00A0C91BC942}") = "Conditional Statement", "Conditional Statement\Conditional Statement.vcxproj", "{9584761A-D5DD-4249-9B5A-6684BC418C00}"
EndProject
Project("{8BC9CEB8-8B4A-11D0-8D11-00A0C91BC942}") = "Switch", "Switch\Switch.vcxproj", "{AFDDE705-A56B-4B4D-A33A-06A3EA9D0394}"
EndProject
Project("{8BC9CEB8-8B4A-11D0-8D11-00A0C91BC942}") = "Enum", "Enum\Enum.vcxproj", "{42ABE15C-A3B6-4A75-A127-BC6D73762491}"
EndProject
Project("{8BC9CEB8-8B4A-11D0-8D11-00A0C91BC942}") = "Loop", "Loop\Loop.vcxproj", "{21FBC3E4-F52A-4C81-A036-3C611F6E6013}"
EndProject
Project("{8BC9CEB8-8B4A-11D0-8D11-00A0C91BC942}") = "Array", "Array\Array.vcxproj", "{82757D2B-FB59-4942-8430-C106227C240C}"
EndProject
Project("{8BC9CEB8-8B4A-11D0-8D11-00A0C91BC942}") = "Pointer", "Pointer\Pointer.vcxproj", "{52784B01-20A3-4917-911A-F089F2E4CDDE}"
EndProject
Project("{8BC9CEB8-8B4A-11D0-8D11-00A0C91BC942}") = "Function", "Function\Function.vcxproj", "{BDB35CDD-A0B7-4079-BC3F-9B18AE78830D}"
EndProject
Project("{8BC9CEB8-8B4A-11D0-8D11-00A0C91BC942}") = "Struct", "Struct\Struct.vcxproj", "{417D54D4-B9D6-448F-8CF7-598ECCA54AD5}"
EndProject
Project("{8BC9CEB8-8B4A-11D0-8D11-00A0C91BC942}") = "Class", "Class\Class.vcxproj", "{54BAB8F8-3B00-437B-8C9C-2BBA9893DE14}"
EndProject
Project("{8BC9CEB8-8B4A-11D0-8D11-00A0C91BC942}") = "Hello", "Hello\Hello.vcxproj", "{3411BCE4-5889-4FF5-9228-3F7CCAE73214}"
EndProject
Global
	GlobalSection(SolutionConfigurationPlatforms) = preSolution
		Debug|x64 = Debug|x64
		Debug|x86 = Debug|x86
		Release|x64 = Release|x64
		Release|x86 = Release|x86
	EndGlobalSection
	GlobalSection(ProjectConfigurationPlatforms) = postSolution
		{3BC5084D-97A6-4D3A-A285-A7D4C1632017}.Debug|x64.ActiveCfg = Debug|x64
		{3BC5084D-97A6-4D3A-A285-A7D4C1632017}.Debug|x64.Build.0 = Debug|x64
		{3BC5084D-97A6-4D3A-A285-A7D4C1632017}.Debug|x86.ActiveCfg = Debug|Win32
		{3BC5084D-97A6-4D3A-A285-A7D4C1632017}.Debug|x86.Build.0 = Debug|Win32
		{3BC5084D-97A6-4D3A-A285-A7D4C1632017}.Release|x64.ActiveCfg = Release|x64
		{3BC5084D-97A6-4D3A-A285-A7D4C1632017}.Release|x64.Build.0 = Release|x64
		{3BC5084D-97A6-4D3A-A285-A7D4C1632017}.Release|x86.ActiveCfg = Release|Win32
		{3BC5084D-97A6-4D3A-A285-A7D4C1632017}.Release|x86.Build.0 = Release|Win32
		{8D5C48AB-815D-4309-B132-675EE8DC1157}.Debug|x64.ActiveCfg = Debug|x64
		{8D5C48AB-815D-4309-B132-675EE8DC1157}.Debug|x64.Build.0 = Debug|x64
		{8D5C48AB-815D-4309-B132-675EE8DC1157}.Debug|x86.ActiveCfg = Debug|Win32
		{8D5C48AB-815D-4309-B132-675EE8DC1157}.Debug|x86.Build.0 = Debug|Win32
		{8D5C48AB-815D-4309-B132-675EE8DC1157}.Release|x64.ActiveCfg = Release|x64
		{8D5C48AB-815D-4309-B132-675EE8DC1157}.Release|x64.Build.0 = Release|x64
		{8D5C48AB-815D-4309-B132-675EE8DC1157}.Release|x86.ActiveCfg = Release|Win32
		{8D5C48AB-815D-4309-B132-675EE8DC1157}.Release|x86.Build.0 = Release|Win32
		{9584761A-D5DD-4249-9B5A-6684BC418C00}.Debug|x64.ActiveCfg = Debug|x64
		{9584761A-D5DD-4249-9B5A-6684BC418C00}.Debug|x64.Build.0 = Debug|x64
		{9584761A-D5DD-4249-9B5A-6684BC418C00}.Debug|x86.ActiveCfg = Debug|Win32
		{9584761A-D5DD-4249-9B5A-6684BC418C00}.Debug|x86.Build.0 = Debug|Win32
		{9584761A-D5DD-4249-9B5A-6684BC418C00}.Release|x64.ActiveCfg = Release|x64
		{9584761A-D5DD-4249-9B5A-6684BC418C00}.Release|x64.Build.0 = Release|x64
		{9584761A-D5DD-4249-9B5A-6684BC418C00}.Release|x86.ActiveCfg = Release|Win32
		{9584761A-D5DD-4249-9B5A-6684BC418C00}.Release|x86.Build.0 = Release|Win32
		{AFDDE705-A56B-4B4D-A33A-06A3EA9D0394}.Debug|x64.ActiveCfg = Debug|x64
		{AFDDE705-A56B-4B4D-A33A-06A3EA9D0394}.Debug|x64.Build.0 = Debug|x64
		{AFDDE705-A56B-4B4D-A33A-06A3EA9D0394}.Debug|x86.ActiveCfg = Debug|Win32
		{AFDDE705-A56B-4B4D-A33A-06A3EA9D0394}.Debug|x86.Build.0 = Debug|Win32
		{AFDDE705-A56B-4B4D-A33A-06A3EA9D0394}.Release|x64.ActiveCfg = Release|x64
		{AFDDE705-A56B-4B4D-A33A-06A3EA9D0394}.Release|x64.Build.0 = Release|x64
		{AFDDE705-A56B-4B4D-A33A-06A3EA9D0394}.Release|x86.ActiveCfg = Release|Win32
		{AFDDE705-A56B-4B4D-A33A-06A3EA9D0394}.Release|x86.Build.0 = Release|Win32
		{42ABE15C-A3B6-4A75-A127-BC6D73762491}.Debug|x64.ActiveCfg = Debug|x64
		{42ABE15C-A3B6-4A75-A127-BC6D73762491}.Debug|x64.Build.0 = Debug|x64
		{42ABE15C-A3B6-4A75-A127-BC6D73762491}.Debug|x86.ActiveCfg = Debug|Win32
		{42ABE15C-A3B6-4A75-A127-BC6D73762491}.Debug|x86.Build.0 = Debug|Win32
		{42ABE15C-A3B6-4A75-A127-BC6D73762491}.Release|x64.ActiveCfg = Release|x64
		{42ABE15C-A3B6-4A75-A127-BC6D73762491}.Release|x64.Build.0 = Release|x64
		{42ABE15C-A3B6-4A75-A127-BC6D73762491}.Release|x86.ActiveCfg = Release|Win32
		{42ABE15C-A3B6-4A75-A127-BC6D73762491}.Release|x86.Build.0 = Release|Win32
		{21FBC3E4-F52A-4C81-A036-3C611F6E6013}.Debug|x64.ActiveCfg = Debug|x64
		{21FBC3E4-F52A-4C81-A036-3C611F6E6013}.Debug|x64.Build.0 = Debug|x64
		{21FBC3E4-F52A-4C81-A036-3C611F6E6013}.Debug|x86.ActiveCfg = Debug|Win32
		{21FBC3E4-F52A-4C81-A036-3C611F6E6013}.Debug|x86.Build.0 = Debug|Win32
		{21FBC3E4-F52A-4C81-A036-3C611F6E6013}.Release|x64.ActiveCfg = Release|x64
		{21FBC3E4-F52A-4C81-A036-3C611F6E6013}.Release|x64.Build.0 = Release|x64
		{21FBC3E4-F52A-4C81-A036-3C611F6E6013}.Release|x86.ActiveCfg = Release|Win32
		{21FBC3E4-F52A-4C81-A036-3C611F6E6013}.Release|x86.Build.0 = Release|Win32
		{82757D2B-FB59-4942-8430-C106227C240C}.Debug|x64.ActiveCfg = Debug|x64
		{82757D2B-FB59-4942-8430-C106227C240C}.Debug|x64.Build.0 = Debug|x64
		{82757D2B-FB59-4942-8430-C106227C240C}.Debug|x86.ActiveCfg = Debug|Win32
		{82757D2B-FB59-4942-8430-C106227C240C}.Debug|x86.Build.0 = Debug|Win32
		{82757D2B-FB59-4942-8430-C106227C240C}.Release|x64.ActiveCfg = Release|x64
		{82757D2B-FB59-4942-8430-C106227C240C}.Release|x64.Build.0 = Release|x64
		{82757D2B-FB59-4942-8430-C106227C240C}.Release|x86.ActiveCfg = Release|Win32
		{82757D2B-FB59-4942-8430-C106227C240C}.Release|x86.Build.0 = Release|Win32
		{52784B01-20A3-4917-911A-F089F2E4CDDE}.Debug|x64.ActiveCfg = Debug|x64
		{52784B01-20A3-4917-911A-F089F2E4CDDE}.Debug|x64.Build.0 = Debug|x64
		{52784B01-20A3-4917-911A-F089F2E4CDDE}.Debug|x86.ActiveCfg = Debug|Win32
		{52784B01-20A3-4917-911A-F089F2E4CDDE}.Debug|x86.Build.0 = Debug|Win32
		{52784B01-20A3-4917-911A-F089F2E4CDDE}.Release|x64.ActiveCfg = Release|x64
		{52784B01-20A3-4917-911A-F089F2E4CDDE}.Release|x64.Build.0 = Release|x64
		{52784B01-20A3-4917-911A-F089F2E4CDDE}.Release|x86.ActiveCfg = Release|Win32
		{52784B01-20A3-4917-911A-F089F2E4CDDE}.Release|x86.Build.0 = Release|Win32
		{BDB35CDD-A0B7-4079-BC3F-9B18AE78830D}.Debug|x64.ActiveCfg = Debug|x64
		{BDB35CDD-A0B7-4079-BC3F-9B18AE78830D}.Debug|x64.Build.0 = Debug|x64
		{BDB35CDD-A0B7-4079-BC3F-9B18AE78830D}.Debug|x86.ActiveCfg = Debug|Win32
		{BDB35CDD-A0B7-4079-BC3F-9B18AE78830D}.Debug|x86.Build.0 = Debug|Win32
		{BDB35CDD-A0B7-4079-BC3F-9B18AE78830D}.Release|x64.ActiveCfg = Release|x64
		{BDB35CDD-A0B7-4079-BC3F-9B18AE78830D}.Release|x64.Build.0 = Release|x64
		{BDB35CDD-A0B7-4079-BC3F-9B18AE78830D}.Release|x86.ActiveCfg = Release|Win32
		{BDB35CDD-A0B7-4079-BC3F-9B18AE78830D}.Release|x86.Build.0 = Release|Win32
		{417D54D4-B9D6-448F-8CF7-598ECCA54AD5}.Debug|x64.ActiveCfg = Debug|x64
		{417D54D4-B9D6-448F-8CF7-598ECCA54AD5}.Debug|x64.Build.0 = Debug|x64
		{417D54D4-B9D6-448F-8CF7-598ECCA54AD5}.Debug|x86.ActiveCfg = Debug|Win32
		{417D54D4-B9D6-448F-8CF7-598ECCA54AD5}.Debug|x86.Build.0 = Debug|Win32
		{417D54D4-B9D6-448F-8CF7-598ECCA54AD5}.Release|x64.ActiveCfg = Release|x64
		{417D54D4-B9D6-448F-8CF7-598ECCA54AD5}.Release|x64.Build.0 = Release|x64
		{417D54D4-B9D6-448F-8CF7-598ECCA54AD5}.Release|x86.ActiveCfg = Release|Win32
		{417D54D4-B9D6-448F-8CF7-598ECCA54AD5}.Release|x86.Build.0 = Release|Win32
		{54BAB8F8-3B00-437B-8C9C-2BBA9893DE14}.Debug|x64.ActiveCfg = Debug|x64
		{54BAB8F8-3B00-437B-8C9C-2BBA9893DE14}.Debug|x64.Build.0 = Debug|x64
		{54BAB8F8-3B00-437B-8C9C-2BBA9893DE14}.Debug|x86.ActiveCfg = Debug|Win32
		{54BAB8F8-3B00-437B-8C9C-2BBA9893DE14}.Debug|x86.Build.0 = Debug|Win32
		{54BAB8F8-3B00-437B-8C9C-2BBA9893DE14}.Release|x64.ActiveCfg = Release|x64
		{54BAB8F8-3B00-437B-8C9C-2BBA9893DE14}.Release|x64.Build.0 = Release|x64
		{54BAB8F8-3B00-437B-8C9C-2BBA9893DE14}.Release|x86.ActiveCfg = Release|Win32
		{54BAB8F8-3B00-437B-8C9C-2BBA9893DE14}.Release|x86.Build.0 = Release|Win32
		{3411BCE4-5889-4FF5-9228-3F7CCAE73214}.Debug|x64.ActiveCfg = Debug|x64
		{3411BCE4-5889-4FF5-9228-3F7CCAE73214}.Debug|x64.Build.0 = Debug|x64
		{3411BCE4-5889-4FF5-9228-3F7CCAE73214}.Debug|x86.ActiveCfg = Debug|Win32
		{3411BCE4-5889-4FF5-9228-3F7CCAE73214}.Debug|x86.Build.0 = Debug|Win32
		{3411BCE4-5889-4FF5-9228-3F7CCAE73214}.Release|x64.ActiveCfg = Release|x64
		{3411BCE4-5889-4FF5-9228-3F7CCAE73214}.Release|x64.Build.0 = Release|x64
		{3411BCE4-5889-4FF5-9228-3F7CCAE73214}.Release|x86.ActiveCfg = Release|Win32
		{3411BCE4-5889-4FF5-9228-3F7CCAE73214}.Release|x86.Build.0 = Release|Win32
	EndGlobalSection
	GlobalSection(SolutionProperties) = preSolution
		HideSolutionNode = FALSE
	EndGlobalSection
	GlobalSection(ExtensibilityGlobals) = postSolution
		SolutionGuid = {4A89D627-205E-4B3E-A0C1-41C00D89DE5E}
	EndGlobalSection
EndGlobal
